{
  "version": 4,
  "terraform_version": "1.6.0",
  "serial": 87,
  "lineage": "b306792f-5f07-a989-e7ce-5c11bf178bd2",
  "outputs": {
    "backend_api_url": {
      "value": "https://cp.demo.waooaw.com/api",
      "type": "string"
    },
    "cloud_run_services": {
      "value": {
        "backend_api": "https://waooaw-api-demo-ryvhxvrdna-el.a.run.app",
        "customer_portal": "https://waooaw-portal-demo-ryvhxvrdna-el.a.run.app",
        "platform_portal": "https://waooaw-platform-portal-demo-ryvhxvrdna-el.a.run.app"
      },
      "type": [
        "object",
        {
          "backend_api": "string",
          "customer_portal": "string",
          "platform_portal": "string"
        }
      ]
    },
    "customer_portal_url": {
      "value": "https://cp.demo.waooaw.com",
      "type": "string"
    },
    "dns_records_needed": {
      "value": {
        "customer_portal": "cp.demo.waooaw.com → 35.190.6.91",
        "platform_portal": "pp.demo.waooaw.com → 35.190.6.91"
      },
      "type": [
        "object",
        {
          "customer_portal": "string",
          "platform_portal": "string"
        }
      ]
    },
    "oauth_urls": {
      "value": {
        "authorized_origins": [
          "https://cp.demo.waooaw.com",
          "https://pp.demo.waooaw.com"
        ],
        "redirect_uris": [
          "https://cp.demo.waooaw.com/api/auth/callback",
          "https://pp.demo.waooaw.com/api/auth/callback"
        ]
      },
      "type": [
        "object",
        {
          "authorized_origins": [
            "tuple",
            [
              "string",
              "string"
            ]
          ],
          "redirect_uris": [
            "tuple",
            [
              "string",
              "string"
            ]
          ]
        }
      ]
    },
    "platform_portal_url": {
      "value": "https://pp.demo.waooaw.com",
      "type": "string"
    },
    "ssl_certificates": {
      "value": {
        "customer": "demo-customer-ssl",
        "platform": "demo-platform-ssl"
      },
      "type": [
        "object",
        {
          "customer": "string",
          "platform": "string"
        }
      ]
    },
    "static_ip": {
      "value": "35.190.6.91",
      "type": "string"
    }
  },
  "resources": [
    {
      "mode": "data",
      "type": "google_compute_global_address",
      "name": "static_ip",
      "provider": "provider[\"registry.terraform.io/hashicorp/google\"]",
      "instances": [
        {
          "schema_version": 0,
          "attributes": {
            "address": "35.190.6.91",
            "address_type": "EXTERNAL",
            "id": "projects/waooaw-oauth/global/addresses/waooaw-lb-ip",
            "name": "waooaw-lb-ip",
            "network": "",
            "network_tier": "PREMIUM",
            "prefix_length": 0,
            "project": "waooaw-oauth",
            "purpose": "",
            "self_link": "https://www.googleapis.com/compute/v1/projects/waooaw-oauth/global/addresses/waooaw-lb-ip",
            "status": "IN_USE",
            "subnetwork": "",
            "users": null
          },
          "sensitive_attributes": []
        }
      ]
    },
    {
      "module": "module.backend_api",
      "mode": "managed",
      "type": "google_cloud_run_v2_service",
      "name": "service",
      "provider": "provider[\"registry.terraform.io/hashicorp/google\"]",
      "instances": [
        {
          "schema_version": 0,
          "attributes": {
            "annotations": {},
            "binary_authorization": [],
            "client": "",
            "client_version": "",
            "conditions": [
              {
                "execution_reason": "",
                "last_transition_time": "2026-01-04T06:32:17.647659Z",
                "message": "",
                "reason": "",
                "revision_reason": "",
                "severity": "",
                "state": "CONDITION_SUCCEEDED",
                "type": "RoutesReady"
              },
              {
                "execution_reason": "",
                "last_transition_time": "2026-01-04T06:32:11.419433Z",
                "message": "",
                "reason": "",
                "revision_reason": "",
                "severity": "",
                "state": "CONDITION_SUCCEEDED",
                "type": "ConfigurationsReady"
              }
            ],
            "create_time": "2026-01-04T06:32:10.527680Z",
            "creator": "terraform-admin@waooaw-oauth.iam.gserviceaccount.com",
            "custom_audiences": [],
            "delete_time": "",
            "description": "",
            "effective_annotations": {},
            "effective_labels": {
              "environment": "demo",
              "managed-by": "terraform",
              "service-type": "backend"
            },
            "etag": "\"COqS6MoGEICEz_sB/cHJvamVjdHMvd2Fvb2F3LW9hdXRoL2xvY2F0aW9ucy9hc2lhLXNvdXRoMS9zZXJ2aWNlcy93YW9vYXctYXBpLWRlbW8\"",
            "expire_time": "",
            "generation": "1",
            "id": "projects/waooaw-oauth/locations/asia-south1/services/waooaw-api-demo",
            "ingress": "INGRESS_TRAFFIC_ALL",
            "labels": {
              "environment": "demo",
              "managed-by": "terraform",
              "service-type": "backend"
            },
            "last_modifier": "terraform-admin@waooaw-oauth.iam.gserviceaccount.com",
            "latest_created_revision": "projects/waooaw-oauth/locations/asia-south1/services/waooaw-api-demo/revisions/waooaw-api-demo-00001-r4l",
            "latest_ready_revision": "projects/waooaw-oauth/locations/asia-south1/services/waooaw-api-demo/revisions/waooaw-api-demo-00001-r4l",
            "launch_stage": "GA",
            "location": "asia-south1",
            "name": "waooaw-api-demo",
            "observed_generation": "1",
            "project": "waooaw-oauth",
            "reconciling": false,
            "template": [
              {
                "annotations": {},
                "containers": [
                  {
                    "args": [],
                    "command": [],
                    "depends_on": [],
                    "env": [
                      {
                        "name": "ENVIRONMENT",
                        "value": "demo",
                        "value_source": []
                      },
                      {
                        "name": "GOOGLE_CLIENT_ID",
                        "value": "",
                        "value_source": [
                          {
                            "secret_key_ref": [
                              {
                                "secret": "GOOGLE_CLIENT_ID",
                                "version": "latest"
                              }
                            ]
                          }
                        ]
                      },
                      {
                        "name": "GOOGLE_CLIENT_SECRET",
                        "value": "",
                        "value_source": [
                          {
                            "secret_key_ref": [
                              {
                                "secret": "GOOGLE_CLIENT_SECRET",
                                "version": "latest"
                              }
                            ]
                          }
                        ]
                      },
                      {
                        "name": "JWT_SECRET",
                        "value": "",
                        "value_source": [
                          {
                            "secret_key_ref": [
                              {
                                "secret": "JWT_SECRET",
                                "version": "latest"
                              }
                            ]
                          }
                        ]
                      }
                    ],
                    "image": "asia-south1-docker.pkg.dev/waooaw-oauth/waooaw/backend-v2:latest",
                    "liveness_probe": [],
                    "name": "",
                    "ports": [
                      {
                        "container_port": 8000,
                        "name": "http1"
                      }
                    ],
                    "resources": [
                      {
                        "cpu_idle": true,
                        "limits": {
                          "cpu": "1",
                          "memory": "512Mi"
                        },
                        "startup_cpu_boost": true
                      }
                    ],
                    "startup_probe": [
                      {
                        "failure_threshold": 1,
                        "grpc": [],
                        "http_get": [],
                        "initial_delay_seconds": 0,
                        "period_seconds": 240,
                        "tcp_socket": [
                          {
                            "port": 8000
                          }
                        ],
                        "timeout_seconds": 240
                      }
                    ],
                    "volume_mounts": [],
                    "working_dir": ""
                  }
                ],
                "encryption_key": "",
                "execution_environment": "",
                "labels": {},
                "max_instance_request_concurrency": 80,
                "revision": "",
                "scaling": [
                  {
                    "max_instance_count": 5,
                    "min_instance_count": 0
                  }
                ],
                "service_account": "270293855600-compute@developer.gserviceaccount.com",
                "session_affinity": false,
                "timeout": "30s",
                "volumes": [],
                "vpc_access": []
              }
            ],
            "terminal_condition": [
              {
                "execution_reason": "",
                "last_transition_time": "2026-01-04T06:32:17.686144Z",
                "message": "",
                "reason": "",
                "revision_reason": "",
                "severity": "",
                "state": "CONDITION_SUCCEEDED",
                "type": "Ready"
              }
            ],
            "terraform_labels": {
              "environment": "demo",
              "managed-by": "terraform",
              "service-type": "backend"
            },
            "timeouts": null,
            "traffic": [
              {
                "percent": 100,
                "revision": "",
                "tag": "",
                "type": "TRAFFIC_TARGET_ALLOCATION_TYPE_LATEST"
              }
            ],
            "traffic_statuses": [
              {
                "percent": 100,
                "revision": "",
                "tag": "",
                "type": "TRAFFIC_TARGET_ALLOCATION_TYPE_LATEST",
                "uri": ""
              }
            ],
            "uid": "db56f598-de3a-4ff1-af74-e0e0d0ff92c1",
            "update_time": "2026-01-04T06:32:10.527680Z",
            "uri": "https://waooaw-api-demo-ryvhxvrdna-el.a.run.app"
          },
          "sensitive_attributes": [],
          "private": "eyJlMmJmYjczMC1lY2FhLTExZTYtOGY4OC0zNDM2M2JjN2M0YzAiOnsiY3JlYXRlIjoxMjAwMDAwMDAwMDAwLCJkZWxldGUiOjEyMDAwMDAwMDAwMDAsInVwZGF0ZSI6MTIwMDAwMDAwMDAwMH19",
          "create_before_destroy": true
        }
      ]
    },
    {
      "module": "module.backend_api",
      "mode": "managed",
      "type": "google_cloud_run_v2_service_iam_member",
      "name": "noauth",
      "provider": "provider[\"registry.terraform.io/hashicorp/google\"]",
      "instances": [
        {
          "schema_version": 0,
          "attributes": {
            "condition": [],
            "etag": "BwZHihrXpXs=",
            "id": "projects/waooaw-oauth/locations/asia-south1/services/waooaw-api-demo/roles/run.invoker/allUsers",
            "location": "asia-south1",
            "member": "allUsers",
            "name": "projects/waooaw-oauth/locations/asia-south1/services/waooaw-api-demo",
            "project": "waooaw-oauth",
            "role": "roles/run.invoker"
          },
          "sensitive_attributes": [],
          "private": "bnVsbA==",
          "dependencies": [
            "module.backend_api.google_cloud_run_v2_service.service"
          ],
          "create_before_destroy": true
        }
      ]
    },
    {
      "module": "module.customer_portal",
      "mode": "managed",
      "type": "google_cloud_run_v2_service",
      "name": "service",
      "provider": "provider[\"registry.terraform.io/hashicorp/google\"]",
      "instances": [
        {
          "schema_version": 0,
          "attributes": {
            "annotations": {},
            "binary_authorization": [],
            "client": "",
            "client_version": "",
            "conditions": [
              {
                "execution_reason": "",
                "last_transition_time": "2026-01-04T06:32:15.889102Z",
                "message": "",
                "reason": "",
                "revision_reason": "",
                "severity": "",
                "state": "CONDITION_SUCCEEDED",
                "type": "RoutesReady"
              },
              {
                "execution_reason": "",
                "last_transition_time": "2026-01-04T06:32:11.411105Z",
                "message": "",
                "reason": "",
                "revision_reason": "",
                "severity": "",
                "state": "CONDITION_SUCCEEDED",
                "type": "ConfigurationsReady"
              }
            ],
            "create_time": "2026-01-04T06:32:10.502752Z",
            "creator": "terraform-admin@waooaw-oauth.iam.gserviceaccount.com",
            "custom_audiences": [],
            "delete_time": "",
            "description": "",
            "effective_annotations": {},
            "effective_labels": {
              "environment": "demo",
              "managed-by": "terraform",
              "service-type": "customer-portal"
            },
            "etag": "\"COqS6MoGEIDG3e8B/cHJvamVjdHMvd2Fvb2F3LW9hdXRoL2xvY2F0aW9ucy9hc2lhLXNvdXRoMS9zZXJ2aWNlcy93YW9vYXctcG9ydGFsLWRlbW8\"",
            "expire_time": "",
            "generation": "1",
            "id": "projects/waooaw-oauth/locations/asia-south1/services/waooaw-portal-demo",
            "ingress": "INGRESS_TRAFFIC_ALL",
            "labels": {
              "environment": "demo",
              "managed-by": "terraform",
              "service-type": "customer-portal"
            },
            "last_modifier": "terraform-admin@waooaw-oauth.iam.gserviceaccount.com",
            "latest_created_revision": "projects/waooaw-oauth/locations/asia-south1/services/waooaw-portal-demo/revisions/waooaw-portal-demo-00001-dv9",
            "latest_ready_revision": "projects/waooaw-oauth/locations/asia-south1/services/waooaw-portal-demo/revisions/waooaw-portal-demo-00001-dv9",
            "launch_stage": "GA",
            "location": "asia-south1",
            "name": "waooaw-portal-demo",
            "observed_generation": "1",
            "project": "waooaw-oauth",
            "reconciling": false,
            "template": [
              {
                "annotations": {},
                "containers": [
                  {
                    "args": [],
                    "command": [],
                    "depends_on": [],
                    "env": [
                      {
                        "name": "ENVIRONMENT",
                        "value": "demo",
                        "value_source": []
                      }
                    ],
                    "image": "asia-south1-docker.pkg.dev/waooaw-oauth/waooaw/customer-portal-v2:latest",
                    "liveness_probe": [],
                    "name": "",
                    "ports": [
                      {
                        "container_port": 80,
                        "name": "http1"
                      }
                    ],
                    "resources": [
                      {
                        "cpu_idle": true,
                        "limits": {
                          "cpu": "1",
                          "memory": "512Mi"
                        },
                        "startup_cpu_boost": true
                      }
                    ],
                    "startup_probe": [
                      {
                        "failure_threshold": 1,
                        "grpc": [],
                        "http_get": [],
                        "initial_delay_seconds": 0,
                        "period_seconds": 240,
                        "tcp_socket": [
                          {
                            "port": 80
                          }
                        ],
                        "timeout_seconds": 240
                      }
                    ],
                    "volume_mounts": [],
                    "working_dir": ""
                  }
                ],
                "encryption_key": "",
                "execution_environment": "",
                "labels": {},
                "max_instance_request_concurrency": 80,
                "revision": "",
                "scaling": [
                  {
                    "max_instance_count": 5,
                    "min_instance_count": 0
                  }
                ],
                "service_account": "270293855600-compute@developer.gserviceaccount.com",
                "session_affinity": false,
                "timeout": "30s",
                "volumes": [],
                "vpc_access": []
              }
            ],
            "terminal_condition": [
              {
                "execution_reason": "",
                "last_transition_time": "2026-01-04T06:32:15.939330Z",
                "message": "",
                "reason": "",
                "revision_reason": "",
                "severity": "",
                "state": "CONDITION_SUCCEEDED",
                "type": "Ready"
              }
            ],
            "terraform_labels": {
              "environment": "demo",
              "managed-by": "terraform",
              "service-type": "customer-portal"
            },
            "timeouts": null,
            "traffic": [
              {
                "percent": 100,
                "revision": "",
                "tag": "",
                "type": "TRAFFIC_TARGET_ALLOCATION_TYPE_LATEST"
              }
            ],
            "traffic_statuses": [
              {
                "percent": 100,
                "revision": "",
                "tag": "",
                "type": "TRAFFIC_TARGET_ALLOCATION_TYPE_LATEST",
                "uri": ""
              }
            ],
            "uid": "04e8c060-b3c9-4a17-bab7-9ab9473ca535",
            "update_time": "2026-01-04T06:32:10.502752Z",
            "uri": "https://waooaw-portal-demo-ryvhxvrdna-el.a.run.app"
          },
          "sensitive_attributes": [],
          "private": "eyJlMmJmYjczMC1lY2FhLTExZTYtOGY4OC0zNDM2M2JjN2M0YzAiOnsiY3JlYXRlIjoxMjAwMDAwMDAwMDAwLCJkZWxldGUiOjEyMDAwMDAwMDAwMDAsInVwZGF0ZSI6MTIwMDAwMDAwMDAwMH19",
          "create_before_destroy": true
        }
      ]
    },
    {
      "module": "module.customer_portal",
      "mode": "managed",
      "type": "google_cloud_run_v2_service_iam_member",
      "name": "noauth",
      "provider": "provider[\"registry.terraform.io/hashicorp/google\"]",
      "instances": [
        {
          "schema_version": 0,
          "attributes": {
            "condition": [],
            "etag": "BwZHihrUxGQ=",
            "id": "projects/waooaw-oauth/locations/asia-south1/services/waooaw-portal-demo/roles/run.invoker/allUsers",
            "location": "asia-south1",
            "member": "allUsers",
            "name": "projects/waooaw-oauth/locations/asia-south1/services/waooaw-portal-demo",
            "project": "waooaw-oauth",
            "role": "roles/run.invoker"
          },
          "sensitive_attributes": [],
          "private": "bnVsbA==",
          "dependencies": [
            "module.customer_portal.google_cloud_run_v2_service.service"
          ],
          "create_before_destroy": true
        }
      ]
    },
    {
      "module": "module.networking",
      "mode": "managed",
      "type": "google_compute_region_network_endpoint_group",
      "name": "api",
      "provider": "provider[\"registry.terraform.io/hashicorp/google\"]",
      "instances": [
        {
          "schema_version": 0,
          "attributes": {
            "app_engine": [],
            "cloud_function": [],
            "cloud_run": [
              {
                "service": "waooaw-api-demo",
                "tag": "",
                "url_mask": ""
              }
            ],
            "description": "",
            "id": "projects/waooaw-oauth/regions/asia-south1/networkEndpointGroups/waooaw-demo-api-neg",
            "name": "waooaw-demo-api-neg",
            "network": "",
            "network_endpoint_type": "SERVERLESS",
            "project": "waooaw-oauth",
            "psc_target_service": "",
            "region": "https://www.googleapis.com/compute/v1/projects/waooaw-oauth/regions/asia-south1",
            "self_link": "https://www.googleapis.com/compute/v1/projects/waooaw-oauth/regions/asia-south1/networkEndpointGroups/waooaw-demo-api-neg",
            "subnetwork": "",
            "timeouts": null
          },
          "sensitive_attributes": [],
          "private": "eyJlMmJmYjczMC1lY2FhLTExZTYtOGY4OC0zNDM2M2JjN2M0YzAiOnsiY3JlYXRlIjoxMjAwMDAwMDAwMDAwLCJkZWxldGUiOjEyMDAwMDAwMDAwMDB9fQ==",
          "dependencies": [
            "module.backend_api.google_cloud_run_v2_service.service",
            "module.backend_api.google_cloud_run_v2_service_iam_member.noauth",
            "module.customer_portal.google_cloud_run_v2_service.service",
            "module.customer_portal.google_cloud_run_v2_service_iam_member.noauth",
            "module.platform_portal.google_cloud_run_v2_service.service",
            "module.platform_portal.google_cloud_run_v2_service_iam_member.noauth"
          ],
          "create_before_destroy": true
        }
      ]
    },
    {
      "module": "module.networking",
      "mode": "managed",
      "type": "google_compute_region_network_endpoint_group",
      "name": "customer",
      "provider": "provider[\"registry.terraform.io/hashicorp/google\"]",
      "instances": [
        {
          "schema_version": 0,
          "attributes": {
            "app_engine": [],
            "cloud_function": [],
            "cloud_run": [
              {
                "service": "waooaw-portal-demo",
                "tag": "",
                "url_mask": ""
              }
            ],
            "description": "",
            "id": "projects/waooaw-oauth/regions/asia-south1/networkEndpointGroups/waooaw-demo-customer-neg",
            "name": "waooaw-demo-customer-neg",
            "network": "",
            "network_endpoint_type": "SERVERLESS",
            "project": "waooaw-oauth",
            "psc_target_service": "",
            "region": "https://www.googleapis.com/compute/v1/projects/waooaw-oauth/regions/asia-south1",
            "self_link": "https://www.googleapis.com/compute/v1/projects/waooaw-oauth/regions/asia-south1/networkEndpointGroups/waooaw-demo-customer-neg",
            "subnetwork": "",
            "timeouts": null
          },
          "sensitive_attributes": [],
          "private": "eyJlMmJmYjczMC1lY2FhLTExZTYtOGY4OC0zNDM2M2JjN2M0YzAiOnsiY3JlYXRlIjoxMjAwMDAwMDAwMDAwLCJkZWxldGUiOjEyMDAwMDAwMDAwMDB9fQ==",
          "dependencies": [
            "module.backend_api.google_cloud_run_v2_service.service",
            "module.backend_api.google_cloud_run_v2_service_iam_member.noauth",
            "module.customer_portal.google_cloud_run_v2_service.service",
            "module.customer_portal.google_cloud_run_v2_service_iam_member.noauth",
            "module.platform_portal.google_cloud_run_v2_service.service",
            "module.platform_portal.google_cloud_run_v2_service_iam_member.noauth"
          ],
          "create_before_destroy": true
        }
      ]
    },
    {
      "module": "module.networking",
      "mode": "managed",
      "type": "google_compute_region_network_endpoint_group",
      "name": "platform",
      "provider": "provider[\"registry.terraform.io/hashicorp/google\"]",
      "instances": [
        {
          "schema_version": 0,
          "attributes": {
            "app_engine": [],
            "cloud_function": [],
            "cloud_run": [
              {
                "service": "waooaw-platform-portal-demo",
                "tag": "",
                "url_mask": ""
              }
            ],
            "description": "",
            "id": "projects/waooaw-oauth/regions/asia-south1/networkEndpointGroups/waooaw-demo-platform-neg",
            "name": "waooaw-demo-platform-neg",
            "network": "",
            "network_endpoint_type": "SERVERLESS",
            "project": "waooaw-oauth",
            "psc_target_service": "",
            "region": "https://www.googleapis.com/compute/v1/projects/waooaw-oauth/regions/asia-south1",
            "self_link": "https://www.googleapis.com/compute/v1/projects/waooaw-oauth/regions/asia-south1/networkEndpointGroups/waooaw-demo-platform-neg",
            "subnetwork": "",
            "timeouts": null
          },
          "sensitive_attributes": [],
          "private": "eyJlMmJmYjczMC1lY2FhLTExZTYtOGY4OC0zNDM2M2JjN2M0YzAiOnsiY3JlYXRlIjoxMjAwMDAwMDAwMDAwLCJkZWxldGUiOjEyMDAwMDAwMDAwMDB9fQ==",
          "dependencies": [
            "module.backend_api.google_cloud_run_v2_service.service",
            "module.backend_api.google_cloud_run_v2_service_iam_member.noauth",
            "module.customer_portal.google_cloud_run_v2_service.service",
            "module.customer_portal.google_cloud_run_v2_service_iam_member.noauth",
            "module.platform_portal.google_cloud_run_v2_service.service",
            "module.platform_portal.google_cloud_run_v2_service_iam_member.noauth"
          ],
          "create_before_destroy": true
        }
      ]
    },
    {
      "module": "module.platform_portal",
      "mode": "managed",
      "type": "google_cloud_run_v2_service",
      "name": "service",
      "provider": "provider[\"registry.terraform.io/hashicorp/google\"]",
      "instances": [
        {
          "schema_version": 0,
          "attributes": {
            "annotations": {},
            "binary_authorization": [],
            "client": "",
            "client_version": "",
            "conditions": [
              {
                "execution_reason": "",
                "last_transition_time": "2026-01-04T06:32:17.879262Z",
                "message": "",
                "reason": "",
                "revision_reason": "",
                "severity": "",
                "state": "CONDITION_SUCCEEDED",
                "type": "RoutesReady"
              },
              {
                "execution_reason": "",
                "last_transition_time": "2026-01-04T06:32:11.491308Z",
                "message": "",
                "reason": "",
                "revision_reason": "",
                "severity": "",
                "state": "CONDITION_SUCCEEDED",
                "type": "ConfigurationsReady"
              }
            ],
            "create_time": "2026-01-04T06:32:10.532033Z",
            "creator": "terraform-admin@waooaw-oauth.iam.gserviceaccount.com",
            "custom_audiences": [],
            "delete_time": "",
            "description": "",
            "effective_annotations": {},
            "effective_labels": {
              "environment": "demo",
              "managed-by": "terraform",
              "service-type": "platform-portal"
            },
            "etag": "\"COqS6MoGEOjb2P0B/cHJvamVjdHMvd2Fvb2F3LW9hdXRoL2xvY2F0aW9ucy9hc2lhLXNvdXRoMS9zZXJ2aWNlcy93YW9vYXctcGxhdGZvcm0tcG9ydGFsLWRlbW8\"",
            "expire_time": "",
            "generation": "1",
            "id": "projects/waooaw-oauth/locations/asia-south1/services/waooaw-platform-portal-demo",
            "ingress": "INGRESS_TRAFFIC_ALL",
            "labels": {
              "environment": "demo",
              "managed-by": "terraform",
              "service-type": "platform-portal"
            },
            "last_modifier": "terraform-admin@waooaw-oauth.iam.gserviceaccount.com",
            "latest_created_revision": "projects/waooaw-oauth/locations/asia-south1/services/waooaw-platform-portal-demo/revisions/waooaw-platform-portal-demo-00001-gmk",
            "latest_ready_revision": "projects/waooaw-oauth/locations/asia-south1/services/waooaw-platform-portal-demo/revisions/waooaw-platform-portal-demo-00001-gmk",
            "launch_stage": "GA",
            "location": "asia-south1",
            "name": "waooaw-platform-portal-demo",
            "observed_generation": "1",
            "project": "waooaw-oauth",
            "reconciling": false,
            "template": [
              {
                "annotations": {},
                "containers": [
                  {
                    "args": [],
                    "command": [],
                    "depends_on": [],
                    "env": [
                      {
                        "name": "ENVIRONMENT",
                        "value": "demo",
                        "value_source": []
                      },
                      {
                        "name": "GOOGLE_CLIENT_ID",
                        "value": "",
                        "value_source": [
                          {
                            "secret_key_ref": [
                              {
                                "secret": "GOOGLE_CLIENT_ID",
                                "version": "latest"
                              }
                            ]
                          }
                        ]
                      },
                      {
                        "name": "GOOGLE_CLIENT_SECRET",
                        "value": "",
                        "value_source": [
                          {
                            "secret_key_ref": [
                              {
                                "secret": "GOOGLE_CLIENT_SECRET",
                                "version": "latest"
                              }
                            ]
                          }
                        ]
                      },
                      {
                        "name": "JWT_SECRET",
                        "value": "",
                        "value_source": [
                          {
                            "secret_key_ref": [
                              {
                                "secret": "JWT_SECRET",
                                "version": "latest"
                              }
                            ]
                          }
                        ]
                      }
                    ],
                    "image": "asia-south1-docker.pkg.dev/waooaw-oauth/waooaw/platform-portal-v2:latest",
                    "liveness_probe": [],
                    "name": "",
                    "ports": [
                      {
                        "container_port": 8080,
                        "name": "http1"
                      }
                    ],
                    "resources": [
                      {
                        "cpu_idle": true,
                        "limits": {
                          "cpu": "1",
                          "memory": "1Gi"
                        },
                        "startup_cpu_boost": true
                      }
                    ],
                    "startup_probe": [
                      {
                        "failure_threshold": 1,
                        "grpc": [],
                        "http_get": [],
                        "initial_delay_seconds": 0,
                        "period_seconds": 240,
                        "tcp_socket": [
                          {
                            "port": 8080
                          }
                        ],
                        "timeout_seconds": 240
                      }
                    ],
                    "volume_mounts": [],
                    "working_dir": ""
                  }
                ],
                "encryption_key": "",
                "execution_environment": "",
                "labels": {},
                "max_instance_request_concurrency": 80,
                "revision": "",
                "scaling": [
                  {
                    "max_instance_count": 5,
                    "min_instance_count": 0
                  }
                ],
                "service_account": "270293855600-compute@developer.gserviceaccount.com",
                "session_affinity": false,
                "timeout": "30s",
                "volumes": [],
                "vpc_access": []
              }
            ],
            "terminal_condition": [
              {
                "execution_reason": "",
                "last_transition_time": "2026-01-04T06:32:17.916835Z",
                "message": "",
                "reason": "",
                "revision_reason": "",
                "severity": "",
                "state": "CONDITION_SUCCEEDED",
                "type": "Ready"
              }
            ],
            "terraform_labels": {
              "environment": "demo",
              "managed-by": "terraform",
              "service-type": "platform-portal"
            },
            "timeouts": null,
            "traffic": [
              {
                "percent": 100,
                "revision": "",
                "tag": "",
                "type": "TRAFFIC_TARGET_ALLOCATION_TYPE_LATEST"
              }
            ],
            "traffic_statuses": [
              {
                "percent": 100,
                "revision": "",
                "tag": "",
                "type": "TRAFFIC_TARGET_ALLOCATION_TYPE_LATEST",
                "uri": ""
              }
            ],
            "uid": "8ed714c8-6205-4d74-9f63-bd3719a9f914",
            "update_time": "2026-01-04T06:32:10.532033Z",
            "uri": "https://waooaw-platform-portal-demo-ryvhxvrdna-el.a.run.app"
          },
          "sensitive_attributes": [],
          "private": "eyJlMmJmYjczMC1lY2FhLTExZTYtOGY4OC0zNDM2M2JjN2M0YzAiOnsiY3JlYXRlIjoxMjAwMDAwMDAwMDAwLCJkZWxldGUiOjEyMDAwMDAwMDAwMDAsInVwZGF0ZSI6MTIwMDAwMDAwMDAwMH19",
          "create_before_destroy": true
        }
      ]
    },
    {
      "module": "module.platform_portal",
      "mode": "managed",
      "type": "google_cloud_run_v2_service_iam_member",
      "name": "noauth",
      "provider": "provider[\"registry.terraform.io/hashicorp/google\"]",
      "instances": [
        {
          "schema_version": 0,
          "attributes": {
            "condition": [],
            "etag": "BwZHihrWSck=",
            "id": "projects/waooaw-oauth/locations/asia-south1/services/waooaw-platform-portal-demo/roles/run.invoker/allUsers",
            "location": "asia-south1",
            "member": "allUsers",
            "name": "projects/waooaw-oauth/locations/asia-south1/services/waooaw-platform-portal-demo",
            "project": "waooaw-oauth",
            "role": "roles/run.invoker"
          },
          "sensitive_attributes": [],
          "private": "bnVsbA==",
          "dependencies": [
            "module.platform_portal.google_cloud_run_v2_service.service"
          ],
          "create_before_destroy": true
        }
      ]
    }
  ],
  "check_results": [
    {
      "object_kind": "var",
      "config_addr": "var.environment",
      "status": "pass",
      "objects": [
        {
          "object_addr": "var.environment",
          "status": "pass"
        }
      ]
    }
  ]
}
